Microsoft Visual Studio Solution File, Format Version 12.00
# Visual Studio 15
VisualStudioVersion = 15.0.26228.9
MinimumVisualStudioVersion = 10.0.40219.1
Project("{9A19103F-16F7-4668-BE54-9A1E7A4F7556}") = "TimePeriod", "TimePeriod\TimePeriod.csproj", "{3F7A1D57-907D-4109-9FA3-BD4A470A986F}"
EndProject
Project("{FAE04EC0-301F-11D3-BF4B-00C04F79EFBC}") = "TimePeriodTests.Core", "TimePeriodTests\TimePeriodTests.Core.csproj", "{573577BC-5A30-4021-B759-68ACE0C72BEA}"
EndProject
Global
	GlobalSection(SolutionConfigurationPlatforms) = preSolution
		Debug|Any CPU = Debug|Any CPU
		Release|Any CPU = Release|Any CPU
	EndGlobalSection
	GlobalSection(ProjectConfigurationPlatforms) = postSolution
		{3F7A1D57-907D-4109-9FA3-BD4A470A986F}.Debug|Any CPU.ActiveCfg = Debug|Any CPU
		{3F7A1D57-907D-4109-9FA3-BD4A470A986F}.Debug|Any CPU.Build.0 = Debug|Any CPU
		{3F7A1D57-907D-4109-9FA3-BD4A470A986F}.Release|Any CPU.ActiveCfg = Release|Any CPU
		{3F7A1D57-907D-4109-9FA3-BD4A470A986F}.Release|Any CPU.Build.0 = Release|Any CPU
		{573577BC-5A30-4021-B759-68ACE0C72BEA}.Debug|Any CPU.ActiveCfg = Debug|Any CPU
		{573577BC-5A30-4021-B759-68ACE0C72BEA}.Debug|Any CPU.Build.0 = Debug|Any CPU
		{573577BC-5A30-4021-B759-68ACE0C72BEA}.Release|Any CPU.ActiveCfg = Release|Any CPU
		{573577BC-5A30-4021-B759-68ACE0C72BEA}.Release|Any CPU.Build.0 = Release|Any CPU
	EndGlobalSection
	GlobalSection(SolutionProperties) = preSolution
		HideSolutionNode = FALSE
	EndGlobalSection
EndGlobal
