
Microsoft Visual Studio Solution File, Format Version 11.00
# Visual Studio 2010
Project("{FAE04EC0-301F-11D3-BF4B-00C04F79EFBC}") = "TimePeriod.Desktop", "TimePeriod\TimePeriod.Desktop.csproj", "{92D30435-D11B-4FB0-81AE-350FABA83D9E}"
EndProject
Project("{FAE04EC0-301F-11D3-BF4B-00C04F79EFBC}") = "TimePeriodDemo.Desktop", "TimePeriodDemo.Desktop\TimePeriodDemo.Desktop.csproj", "{436D31F2-62BB-471F-983C-3762EE9377F1}"
EndProject
Global
	GlobalSection(SolutionConfigurationPlatforms) = preSolution
		Debug|Any CPU = Debug|Any CPU
		Debug|Mixed Platforms = Debug|Mixed Platforms
		Debug|x86 = Debug|x86
		Release|Any CPU = Release|Any CPU
		Release|Mixed Platforms = Release|Mixed Platforms
		Release|x86 = Release|x86
	EndGlobalSection
	GlobalSection(ProjectConfigurationPlatforms) = postSolution
		{92D30435-D11B-4FB0-81AE-350FABA83D9E}.Debug|Any CPU.ActiveCfg = Debug|Any CPU
		{92D30435-D11B-4FB0-81AE-350FABA83D9E}.Debug|Any CPU.Build.0 = Debug|Any CPU
		{92D30435-D11B-4FB0-81AE-350FABA83D9E}.Debug|Mixed Platforms.ActiveCfg = Debug|Any CPU
		{92D30435-D11B-4FB0-81AE-350FABA83D9E}.Debug|Mixed Platforms.Build.0 = Debug|Any CPU
		{92D30435-D11B-4FB0-81AE-350FABA83D9E}.Debug|x86.ActiveCfg = Debug|Any CPU
		{92D30435-D11B-4FB0-81AE-350FABA83D9E}.Release|Any CPU.ActiveCfg = Release|Any CPU
		{92D30435-D11B-4FB0-81AE-350FABA83D9E}.Release|Any CPU.Build.0 = Release|Any CPU
		{92D30435-D11B-4FB0-81AE-350FABA83D9E}.Release|Mixed Platforms.ActiveCfg = Release|Any CPU
		{92D30435-D11B-4FB0-81AE-350FABA83D9E}.Release|Mixed Platforms.Build.0 = Release|Any CPU
		{92D30435-D11B-4FB0-81AE-350FABA83D9E}.Release|x86.ActiveCfg = Release|Any CPU
		{436D31F2-62BB-471F-983C-3762EE9377F1}.Debug|Any CPU.ActiveCfg = Debug|x86
		{436D31F2-62BB-471F-983C-3762EE9377F1}.Debug|Mixed Platforms.ActiveCfg = Debug|x86
		{436D31F2-62BB-471F-983C-3762EE9377F1}.Debug|Mixed Platforms.Build.0 = Debug|x86
		{436D31F2-62BB-471F-983C-3762EE9377F1}.Debug|x86.ActiveCfg = Debug|x86
		{436D31F2-62BB-471F-983C-3762EE9377F1}.Debug|x86.Build.0 = Debug|x86
		{436D31F2-62BB-471F-983C-3762EE9377F1}.Release|Any CPU.ActiveCfg = Release|x86
		{436D31F2-62BB-471F-983C-3762EE9377F1}.Release|Mixed Platforms.ActiveCfg = Release|x86
		{436D31F2-62BB-471F-983C-3762EE9377F1}.Release|Mixed Platforms.Build.0 = Release|x86
		{436D31F2-62BB-471F-983C-3762EE9377F1}.Release|x86.ActiveCfg = Release|x86
		{436D31F2-62BB-471F-983C-3762EE9377F1}.Release|x86.Build.0 = Release|x86
	EndGlobalSection
	GlobalSection(SolutionProperties) = preSolution
		HideSolutionNode = FALSE
	EndGlobalSection
EndGlobal
